
Microsoft Visual Studio Solution File, Format Version 12.00
# Visual Studio Version 17
VisualStudioVersion = 17.11.35327.3
MinimumVisualStudioVersion = 10.0.40219.1
Project("{FAE04EC0-301F-11D3-BF4B-00C04F79EFBC}") = "simple CRUD with C# and SQL", "simple CRUD with C# and SQL\simple CRUD with C# and SQL.csproj", "{EAA731CE-575B-44F9-9675-0950E6A899CE}"
EndProject
Global
	GlobalSection(SolutionConfigurationPlatforms) = preSolution
		Debug|Any CPU = Debug|Any CPU
		Release|Any CPU = Release|Any CPU
	EndGlobalSection
	GlobalSection(ProjectConfigurationPlatforms) = postSolution
		{EAA731CE-575B-44F9-9675-0950E6A899CE}.Debug|Any CPU.ActiveCfg = Debug|Any CPU
		{EAA731CE-575B-44F9-9675-0950E6A899CE}.Debug|Any CPU.Build.0 = Debug|Any CPU
		{EAA731CE-575B-44F9-9675-0950E6A899CE}.Release|Any CPU.ActiveCfg = Release|Any CPU
		{EAA731CE-575B-44F9-9675-0950E6A899CE}.Release|Any CPU.Build.0 = Release|Any CPU
	EndGlobalSection
	GlobalSection(SolutionProperties) = preSolution
		HideSolutionNode = FALSE
	EndGlobalSection
	GlobalSection(ExtensibilityGlobals) = postSolution
		SolutionGuid = {16D7DB6D-5177-418A-8BE9-FC3A1F44A44B}
	EndGlobalSection
EndGlobal
